// !$*UTF8*$!
{
	archiveVersion = 1;
	classes = {
	};
	objectVersion = 56;
	objects = {

/* Begin PBXBuildFile section */
		BA7EE8652A97877F00D4BFE4 /* AppDelegate.swift in Sources */ = {isa = PBXBuildFile; fileRef = BA7EE8642A97877F00D4BFE4 /* AppDelegate.swift */; };
		BA7EE8672A97877F00D4BFE4 /* SceneDelegate.swift in Sources */ = {isa = PBXBuildFile; fileRef = BA7EE8662A97877F00D4BFE4 /* SceneDelegate.swift */; };
		BA7EE86C2A97877F00D4BFE4 /* Main.storyboard in Resources */ = {isa = PBXBuildFile; fileRef = BA7EE86A2A97877F00D4BFE4 /* Main.storyboard */; };
		BA7EE86E2A97878100D4BFE4 /* Assets.xcassets in Resources */ = {isa = PBXBuildFile; fileRef = BA7EE86D2A97878100D4BFE4 /* Assets.xcassets */; };
		BA7EE8712A97878100D4BFE4 /* LaunchScreen.storyboard in Resources */ = {isa = PBXBuildFile; fileRef = BA7EE86F2A97878100D4BFE4 /* LaunchScreen.storyboard */; };
		BA7EE87D2A98E75600D4BFE4 /* News.swift in Sources */ = {isa = PBXBuildFile; fileRef = BA7EE87C2A98E75600D4BFE4 /* News.swift */; };
		BAEEAAE82A9A653500EE8C73 /* ViewController.swift in Sources */ = {isa = PBXBuildFile; fileRef = BAEEAAE72A9A653500EE8C73 /* ViewController.swift */; };
		BAEEAAEA2A9A677900EE8C73 /* TableViewController.swift in Sources */ = {isa = PBXBuildFile; fileRef = BAEEAAE92A9A677900EE8C73 /* TableViewController.swift */; };
/* End PBXBuildFile section */

/* Begin PBXFileReference section */
		BA7EE8612A97877F00D4BFE4 /* NewsTimer.app */ = {isa = PBXFileReference; explicitFileType = wrapper.application; includeInIndex = 0; path = NewsTimer.app; sourceTree = BUILT_PRODUCTS_DIR; };
		BA7EE8642A97877F00D4BFE4 /* AppDelegate.swift */ = {isa = PBXFileReference; lastKnownFileType = sourcecode.swift; path = AppDelegate.swift; sourceTree = "<group>"; };
		BA7EE8662A97877F00D4BFE4 /* SceneDelegate.swift */ = {isa = PBXFileReference; lastKnownFileType = sourcecode.swift; path = SceneDelegate.swift; sourceTree = "<group>"; };
		BA7EE86B2A97877F00D4BFE4 /* Base */ = {isa = PBXFileReference; lastKnownFileType = file.storyboard; name = Base; path = Base.lproj/Main.storyboard; sourceTree = "<group>"; };
		BA7EE86D2A97878100D4BFE4 /* Assets.xcassets */ = {isa = PBXFileReference; lastKnownFileType = folder.assetcatalog; path = Assets.xcassets; sourceTree = "<group>"; };
		BA7EE8702A97878100D4BFE4 /* Base */ = {isa = PBXFileReference; lastKnownFileType = file.storyboard; name = Base; path = Base.lproj/LaunchScreen.storyboard; sourceTree = "<group>"; };
		BA7EE8722A97878100D4BFE4 /* Info.plist */ = {isa = PBXFileReference; lastKnownFileType = text.plist.xml; path = Info.plist; sourceTree = "<group>"; };
		BA7EE87C2A98E75600D4BFE4 /* News.swift */ = {isa = PBXFileReference; lastKnownFileType = sourcecode.swift; path = News.swift; sourceTree = "<group>"; };
		BAEEAAE72A9A653500EE8C73 /* ViewController.swift */ = {isa = PBXFileReference; lastKnownFileType = sourcecode.swift; name = ViewController.swift; path = ../ViewController.swift; sourceTree = "<group>"; };
		BAEEAAE92A9A677900EE8C73 /* TableViewController.swift */ = {isa = PBXFileReference; lastKnownFileType = sourcecode.swift; name = TableViewController.swift; path = ../TableViewController.swift; sourceTree = "<group>"; };
/* End PBXFileReference section */

/* Begin PBXFrameworksBuildPhase section */
		BA7EE85E2A97877F00D4BFE4 /* Frameworks */ = {
			isa = PBXFrameworksBuildPhase;
			buildActionMask = 2147483647;
			files = (
			);
			runOnlyForDeploymentPostprocessing = 0;
		};
/* End PBXFrameworksBuildPhase section */

/* Begin PBXGroup section */
		BA7EE8582A97877F00D4BFE4 = {
			isa = PBXGroup;
			children = (
				BA7EE8632A97877F00D4BFE4 /* NewsTimer */,
				BA7EE8622A97877F00D4BFE4 /* Products */,
			);
			sourceTree = "<group>";
		};
		BA7EE8622A97877F00D4BFE4 /* Products */ = {
			isa = PBXGroup;
			children = (
				BA7EE8612A97877F00D4BFE4 /* NewsTimer.app */,
			);
			name = Products;
			sourceTree = "<group>";
		};
		BA7EE8632A97877F00D4BFE4 /* NewsTimer */ = {
			isa = PBXGroup;
			children = (
				BA7EE8642A97877F00D4BFE4 /* AppDelegate.swift */,
				BA7EE8662A97877F00D4BFE4 /* SceneDelegate.swift */,
				BA7EE87C2A98E75600D4BFE4 /* News.swift */,
				BAEEAAE92A9A677900EE8C73 /* TableViewController.swift */,
				BAEEAAE72A9A653500EE8C73 /* ViewController.swift */,
				BA7EE86A2A97877F00D4BFE4 /* Main.storyboard */,
				BA7EE86D2A97878100D4BFE4 /* Assets.xcassets */,
				BA7EE86F2A97878100D4BFE4 /* LaunchScreen.storyboard */,
				BA7EE8722A97878100D4BFE4 /* Info.plist */,
			);
			path = NewsTimer;
			sourceTree = "<group>";
		};
/* End PBXGroup section */

/* Begin PBXNativeTarget section */
		BA7EE8602A97877F00D4BFE4 /* NewsTimer */ = {
			isa = PBXNativeTarget;
			buildConfigurationList = BA7EE8752A97878100D4BFE4 /* Build configuration list for PBXNativeTarget "NewsTimer" */;
			buildPhases = (
				BA7EE85D2A97877F00D4BFE4 /* Sources */,
				BA7EE85E2A97877F00D4BFE4 /* Frameworks */,
				BA7EE85F2A97877F00D4BFE4 /* Resources */,
			);
			buildRules = (
			);
			dependencies = (
			);
			name = NewsTimer;
			productName = NewsTimer;
			productReference = BA7EE8612A97877F00D4BFE4 /* NewsTimer.app */;
			productType = "com.apple.product-type.application";
		};
/* End PBXNativeTarget section */

/* Begin PBXProject section */
		BA7EE8592A97877F00D4BFE4 /* Project object */ = {
			isa = PBXProject;
			attributes = {
				BuildIndependentTargetsInParallel = 1;
				LastSwiftUpdateCheck = 1430;
				LastUpgradeCheck = 1430;
				TargetAttributes = {
					BA7EE8602A97877F00D4BFE4 = {
						CreatedOnToolsVersion = 14.3.1;
					};
				};
			};
			buildConfigurationList = BA7EE85C2A97877F00D4BFE4 /* Build configuration list for PBXProject "NewsTimer" */;
			compatibilityVersion = "Xcode 14.0";
			developmentRegion = en;
			hasScannedForEncodings = 0;
			knownRegions = (
				en,
				Base,
			);
			mainGroup = BA7EE8582A97877F00D4BFE4;
			productRefGroup = BA7EE8622A97877F00D4BFE4 /* Products */;
			projectDirPath = "";
			projectRoot = "";
			targets = (
				BA7EE8602A97877F00D4BFE4 /* NewsTimer */,
			);
		};
/* End PBXProject section */

/* Begin PBXResourcesBuildPhase section */
		BA7EE85F2A97877F00D4BFE4 /* Resources */ = {
			isa = PBXResourcesBuildPhase;
			buildActionMask = 2147483647;
			files = (
				BA7EE8712A97878100D4BFE4 /* LaunchScreen.storyboard in Resources */,
				BA7EE86E2A97878100D4BFE4 /* Assets.xcassets in Resources */,
				BA7EE86C2A97877F00D4BFE4 /* Main.storyboard in Resources */,
			);
			runOnlyForDeploymentPostprocessing = 0;
		};
/* End PBXResourcesBuildPhase section */

/* Begin PBXSourcesBuildPhase section */
		BA7EE85D2A97877F00D4BFE4 /* Sources */ = {
			isa = PBXSourcesBuildPhase;
			buildActionMask = 2147483647;
			files = (
				BAEEAAE82A9A653500EE8C73 /* ViewController.swift in Sources */,
				BA7EE8652A97877F00D4BFE4 /* AppDelegate.swift in Sources */,
				BA7EE8672A97877F00D4BFE4 /* SceneDelegate.swift in Sources */,
				BAEEAAEA2A9A677900EE8C73 /* TableViewController.swift in Sources */,
				BA7EE87D2A98E75600D4BFE4 /* News.swift in Sources */,
			);
			runOnlyForDeploymentPostprocessing = 0;
		};
/* End PBXSourcesBuildPhase section */

/* Begin PBXVariantGroup section */
		BA7EE86A2A97877F00D4BFE4 /* Main.storyboard */ = {
			isa = PBXVariantGroup;
			children = (
				BA7EE86B2A97877F00D4BFE4 /* Base */,
			);
			name = Main.storyboard;
			sourceTree = "<group>";
		};
		BA7EE86F2A97878100D4BFE4 /* LaunchScreen.storyboard */ = {
			isa = PBXVariantGroup;
			children = (
				BA7EE8702A97878100D4BFE4 /* Base */,
			);
			name = LaunchScreen.storyboard;
			sourceTree = "<group>";
		};
/* End PBXVariantGroup section */

/* Begin XCBuildConfiguration section */
		BA7EE8732A97878100D4BFE4 /* Debug */ = {
			isa = XCBuildConfiguration;
			buildSettings = {
				ALWAYS_SEARCH_USER_PATHS = NO;
				CLANG_ANALYZER_NONNULL = YES;
				CLANG_ANALYZER_NUMBER_OBJECT_CONVERSION = YES_AGGRESSIVE;
				CLANG_CXX_LANGUAGE_STANDARD = "gnu++20";
				CLANG_ENABLE_MODULES = YES;
				CLANG_ENABLE_OBJC_ARC = YES;
				CLANG_ENABLE_OBJC_WEAK = YES;
				CLANG_WARN_BLOCK_CAPTURE_AUTORELEASING = YES;
				CLANG_WARN_BOOL_CONVERSION = YES;
				CLANG_WARN_COMMA = YES;
				CLANG_WARN_CONSTANT_CONVERSION = YES;
				CLANG_WARN_DEPRECATED_OBJC_IMPLEMENTATIONS = YES;
				CLANG_WARN_DIRECT_OBJC_ISA_USAGE = YES_ERROR;
				CLANG_WARN_DOCUMENTATION_COMMENTS = YES;
				CLANG_WARN_EMPTY_BODY = YES;
				CLANG_WARN_ENUM_CONVERSION = YES;
				CLANG_WARN_INFINITE_RECURSION = YES;
				CLANG_WARN_INT_CONVERSION = YES;
				CLANG_WARN_NON_LITERAL_NULL_CONVERSION = YES;
				CLANG_WARN_OBJC_IMPLICIT_RETAIN_SELF = YES;
				CLANG_WARN_OBJC_LITERAL_CONVERSION = YES;
				CLANG_WARN_OBJC_ROOT_CLASS = YES_ERROR;
				CLANG_WARN_QUOTED_INCLUDE_IN_FRAMEWORK_HEADER = YES;
				CLANG_WARN_RANGE_LOOP_ANALYSIS = YES;
				CLANG_WARN_STRICT_PROTOTYPES = YES;
				CLANG_WARN_SUSPICIOUS_MOVE = YES;
				CLANG_WARN_UNGUARDED_AVAILABILITY = YES_AGGRESSIVE;
				CLANG_WARN_UNREACHABLE_CODE = YES;
				CLANG_WARN__DUPLICATE_METHOD_MATCH = YES;
				COPY_PHASE_STRIP = NO;
				DEBUG_INFORMATION_FORMAT = dwarf;
				ENABLE_STRICT_OBJC_MSGSEND = YES;
				ENABLE_TESTABILITY = YES;
				GCC_C_LANGUAGE_STANDARD = gnu11;
				GCC_DYNAMIC_NO_PIC = NO;
				GCC_NO_COMMON_BLOCKS = YES;
				GCC_OPTIMIZATION_LEVEL = 0;
				GCC_PREPROCESSOR_DEFINITIONS = (
					"DEBUG=1",
					"$(inherited)",
				);
				GCC_WARN_64_TO_32_BIT_CONVERSION = YES;
				GCC_WARN_ABOUT_RETURN_TYPE = YES_ERROR;
				GCC_WARN_UNDECLARED_SELECTOR = YES;
				GCC_WARN_UNINITIALIZED_AUTOS = YES_AGGRESSIVE;
				GCC_WARN_UNUSED_FUNCTION = YES;
				GCC_WARN_UNUSED_VARIABLE = YES;
				IPHONEOS_DEPLOYMENT_TARGET = 16.4;
				MTL_ENABLE_DEBUG_INFO = INCLUDE_SOURCE;
				MTL_FAST_MATH = YES;
				ONLY_ACTIVE_ARCH = YES;
				SDKROOT = iphoneos;
				SWIFT_ACTIVE_COMPILATION_CONDITIONS = DEBUG;
				SWIFT_OPTIMIZATION_LEVEL = "-Onone";
			};
			name = Debug;
		};
		BA7EE8742A97878100D4BFE4 /* Release */ = {
			isa = XCBuildConfiguration;
			buildSettings = {
				ALWAYS_SEARCH_USER_PATHS = NO;
				CLANG_ANALYZER_NONNULL = YES;
				CLANG_ANALYZER_NUMBER_OBJECT_CONVERSION = YES_AGGRESSIVE;
				CLANG_CXX_LANGUAGE_STANDARD = "gnu++20";
				CLANG_ENABLE_MODULES = YES;
				CLANG_ENABLE_OBJC_ARC = YES;
				CLANG_ENABLE_OBJC_WEAK = YES;
				CLANG_WARN_BLOCK_CAPTURE_AUTORELEASING = YES;
				CLANG_WARN_BOOL_CONVERSION = YES;
				CLANG_WARN_COMMA = YES;
				CLANG_WARN_CONSTANT_CONVERSION = YES;
				CLANG_WARN_DEPRECATED_OBJC_IMPLEMENTATIONS = YES;
				CLANG_WARN_DIRECT_OBJC_ISA_USAGE = YES_ERROR;
				CLANG_WARN_DOCUMENTATION_COMMENTS = YES;
				CLANG_WARN_EMPTY_BODY = YES;
				CLANG_WARN_ENUM_CONVERSION = YES;
				CLANG_WARN_INFINITE_RECURSION = YES;
				CLANG_WARN_INT_CONVERSION = YES;
				CLANG_WARN_NON_LITERAL_NULL_CONVERSION = YES;
				CLANG_WARN_OBJC_IMPLICIT_RETAIN_SELF = YES;
				CLANG_WARN_OBJC_LITERAL_CONVERSION = YES;
				CLANG_WARN_OBJC_ROOT_CLASS = YES_ERROR;
				CLANG_WARN_QUOTED_INCLUDE_IN_FRAMEWORK_HEADER = YES;
				CLANG_WARN_RANGE_LOOP_ANALYSIS = YES;
				CLANG_WARN_STRICT_PROTOTYPES = YES;
				CLANG_WARN_SUSPICIOUS_MOVE = YES;
				CLANG_WARN_UNGUARDED_AVAILABILITY = YES_AGGRESSIVE;
				CLANG_WARN_UNREACHABLE_CODE = YES;
				CLANG_WARN__DUPLICATE_METHOD_MATCH = YES;
				COPY_PHASE_STRIP = NO;
				DEBUG_INFORMATION_FORMAT = "dwarf-with-dsym";
				ENABLE_NS_ASSERTIONS = NO;
				ENABLE_STRICT_OBJC_MSGSEND = YES;
				GCC_C_LANGUAGE_STANDARD = gnu11;
				GCC_NO_COMMON_BLOCKS = YES;
				GCC_WARN_64_TO_32_BIT_CONVERSION = YES;
				GCC_WARN_ABOUT_RETURN_TYPE = YES_ERROR;
				GCC_WARN_UNDECLARED_SELECTOR = YES;
				GCC_WARN_UNINITIALIZED_AUTOS = YES_AGGRESSIVE;
				GCC_WARN_UNUSED_FUNCTION = YES;
				GCC_WARN_UNUSED_VARIABLE = YES;
				IPHONEOS_DEPLOYMENT_TARGET = 16.4;
				MTL_ENABLE_DEBUG_INFO = NO;
				MTL_FAST_MATH = YES;
				SDKROOT = iphoneos;
				SWIFT_COMPILATION_MODE = wholemodule;
				SWIFT_OPTIMIZATION_LEVEL = "-O";
				VALIDATE_PRODUCT = YES;
			};
			name = Release;
		};
		BA7EE8762A97878100D4BFE4 /* Debug */ = {
			isa = XCBuildConfiguration;
			buildSettings = {
				ASSETCATALOG_COMPILER_APPICON_NAME = AppIcon;
				ASSETCATALOG_COMPILER_GLOBAL_ACCENT_COLOR_NAME = AccentColor;
				CODE_SIGN_STYLE = Automatic;
				CURRENT_PROJECT_VERSION = 1;
				GENERATE_INFOPLIST_FILE = YES;
				INFOPLIST_FILE = NewsTimer/Info.plist;
				INFOPLIST_KEY_UIApplicationSupportsIndirectInputEvents = YES;
				INFOPLIST_KEY_UILaunchStoryboardName = LaunchScreen;
				INFOPLIST_KEY_UIMainStoryboardFile = Main;
				INFOPLIST_KEY_UISupportedInterfaceOrientations_iPad = "UIInterfaceOrientationPortrait UIInterfaceOrientationPortraitUpsideDown UIInterfaceOrientationLandscapeLeft UIInterfaceOrientationLandscapeRight";
				INFOPLIST_KEY_UISupportedInterfaceOrientations_iPhone = "UIInterfaceOrientationPortrait UIInterfaceOrientationLandscapeLeft UIInterfaceOrientationLandscapeRight";
				LD_RUNPATH_SEARCH_PATHS = (
					"$(inherited)",
					"@executable_path/Frameworks",
				);
				MARKETING_VERSION = 1.0;
				PRODUCT_BUNDLE_IDENTIFIER = kz.serik.NewsTimer;
				PRODUCT_NAME = "$(TARGET_NAME)";
				SWIFT_EMIT_LOC_STRINGS = YES;
				SWIFT_VERSION = 5.0;
				TARGETED_DEVICE_FAMILY = "1,2";
			};
			name = Debug;
		};
		BA7EE8772A97878100D4BFE4 /* Release */ = {
			isa = XCBuildConfiguration;
			buildSettings = {
				ASSETCATALOG_COMPILER_APPICON_NAME = AppIcon;
				ASSETCATALOG_COMPILER_GLOBAL_ACCENT_COLOR_NAME = AccentColor;
				CODE_SIGN_STYLE = Automatic;
				CURRENT_PROJECT_VERSION = 1;
				GENERATE_INFOPLIST_FILE = YES;
				INFOPLIST_FILE = NewsTimer/Info.plist;
				INFOPLIST_KEY_UIApplicationSupportsIndirectInputEvents = YES;
				INFOPLIST_KEY_UILaunchStoryboardName = LaunchScreen;
				INFOPLIST_KEY_UIMainStoryboardFile = Main;
				INFOPLIST_KEY_UISupportedInterfaceOrientations_iPad = "UIInterfaceOrientationPortrait UIInterfaceOrientationPortraitUpsideDown UIInterfaceOrientationLandscapeLeft UIInterfaceOrientationLandscapeRight";
				INFOPLIST_KEY_UISupportedInterfaceOrientations_iPhone = "UIInterfaceOrientationPortrait UIInterfaceOrientationLandscapeLeft UIInterfaceOrientationLandscapeRight";
				LD_RUNPATH_SEARCH_PATHS = (
					"$(inherited)",
					"@executable_path/Frameworks",
				);
				MARKETING_VERSION = 1.0;
				PRODUCT_BUNDLE_IDENTIFIER = kz.serik.NewsTimer;
				PRODUCT_NAME = "$(TARGET_NAME)";
				SWIFT_EMIT_LOC_STRINGS = YES;
				SWIFT_VERSION = 5.0;
				TARGETED_DEVICE_FAMILY = "1,2";
			};
			name = Release;
		};
/* End XCBuildConfiguration section */

/* Begin XCConfigurationList section */
		BA7EE85C2A97877F00D4BFE4 /* Build configuration list for PBXProject "NewsTimer" */ = {
			isa = XCConfigurationList;
			buildConfigurations = (
				BA7EE8732A97878100D4BFE4 /* Debug */,
				BA7EE8742A97878100D4BFE4 /* Release */,
			);
			defaultConfigurationIsVisible = 0;
			defaultConfigurationName = Release;
		};
		BA7EE8752A97878100D4BFE4 /* Build configuration list for PBXNativeTarget "NewsTimer" */ = {
			isa = XCConfigurationList;
			buildConfigurations = (
				BA7EE8762A97878100D4BFE4 /* Debug */,
				BA7EE8772A97878100D4BFE4 /* Release */,
			);
			defaultConfigurationIsVisible = 0;
			defaultConfigurationName = Release;
		};
/* End XCConfigurationList section */
	};
	rootObject = BA7EE8592A97877F00D4BFE4 /* Project object */;
}
